
Microsoft Visual Studio Solution File, Format Version 12.00
# Visual Studio 15
VisualStudioVersion = 15.0.26228.9
MinimumVisualStudioVersion = 10.0.40219.1
Project("{2150E333-8FDC-42A3-9474-1A3956D46DE8}") = "src", "src", "{29D8D804-4320-48EC-AE12-4BB0FFA918F2}"
EndProject
Project("{2150E333-8FDC-42A3-9474-1A3956D46DE8}") = "Solution Items", "Solution Items", "{A62396E5-E678-43A1-99A5-2B9D6BEB9406}"
	ProjectSection(SolutionItems) = preProject
		Settings.StyleCop = Settings.StyleCop
	EndProjectSection
EndProject
Project("{9A19103F-16F7-4668-BE54-9A1E7A4F7556}") = "PoCNeo4jNetCore", "src\PoCNeo4jNetCore\PoCNeo4jNetCore.csproj", "{0C73E0C2-43F3-4945-B9BC-F3813F719B8C}"
EndProject
Project("{9A19103F-16F7-4668-BE54-9A1E7A4F7556}") = "Data.Queries", "src\Data.Queries\Data.Queries.csproj", "{77D1ABCE-54CD-4D74-8E2E-FE1DCBB7DBC6}"
EndProject
Project("{9A19103F-16F7-4668-BE54-9A1E7A4F7556}") = "Domain.Model", "src\Domain.Model\Domain.Model.csproj", "{799A933F-1F0B-432D-B2B9-2189FDB47D80}"
EndProject
Project("{9A19103F-16F7-4668-BE54-9A1E7A4F7556}") = "Infrastructure", "src\Infrastructure\Infrastructure.csproj", "{753CC6F9-996A-4DD7-BA6F-340D08C67395}"
EndProject
Global
	GlobalSection(SolutionConfigurationPlatforms) = preSolution
		Debug|Any CPU = Debug|Any CPU
		Release|Any CPU = Release|Any CPU
	EndGlobalSection
	GlobalSection(ProjectConfigurationPlatforms) = postSolution
		{0C73E0C2-43F3-4945-B9BC-F3813F719B8C}.Debug|Any CPU.ActiveCfg = Debug|Any CPU
		{0C73E0C2-43F3-4945-B9BC-F3813F719B8C}.Debug|Any CPU.Build.0 = Debug|Any CPU
		{0C73E0C2-43F3-4945-B9BC-F3813F719B8C}.Release|Any CPU.ActiveCfg = Release|Any CPU
		{0C73E0C2-43F3-4945-B9BC-F3813F719B8C}.Release|Any CPU.Build.0 = Release|Any CPU
		{77D1ABCE-54CD-4D74-8E2E-FE1DCBB7DBC6}.Debug|Any CPU.ActiveCfg = Debug|Any CPU
		{77D1ABCE-54CD-4D74-8E2E-FE1DCBB7DBC6}.Debug|Any CPU.Build.0 = Debug|Any CPU
		{77D1ABCE-54CD-4D74-8E2E-FE1DCBB7DBC6}.Release|Any CPU.ActiveCfg = Release|Any CPU
		{77D1ABCE-54CD-4D74-8E2E-FE1DCBB7DBC6}.Release|Any CPU.Build.0 = Release|Any CPU
		{799A933F-1F0B-432D-B2B9-2189FDB47D80}.Debug|Any CPU.ActiveCfg = Debug|Any CPU
		{799A933F-1F0B-432D-B2B9-2189FDB47D80}.Debug|Any CPU.Build.0 = Debug|Any CPU
		{799A933F-1F0B-432D-B2B9-2189FDB47D80}.Release|Any CPU.ActiveCfg = Release|Any CPU
		{799A933F-1F0B-432D-B2B9-2189FDB47D80}.Release|Any CPU.Build.0 = Release|Any CPU
		{753CC6F9-996A-4DD7-BA6F-340D08C67395}.Debug|Any CPU.ActiveCfg = Debug|Any CPU
		{753CC6F9-996A-4DD7-BA6F-340D08C67395}.Debug|Any CPU.Build.0 = Debug|Any CPU
		{753CC6F9-996A-4DD7-BA6F-340D08C67395}.Release|Any CPU.ActiveCfg = Release|Any CPU
		{753CC6F9-996A-4DD7-BA6F-340D08C67395}.Release|Any CPU.Build.0 = Release|Any CPU
	EndGlobalSection
	GlobalSection(SolutionProperties) = preSolution
		HideSolutionNode = FALSE
	EndGlobalSection
	GlobalSection(NestedProjects) = preSolution
		{0C73E0C2-43F3-4945-B9BC-F3813F719B8C} = {29D8D804-4320-48EC-AE12-4BB0FFA918F2}
		{77D1ABCE-54CD-4D74-8E2E-FE1DCBB7DBC6} = {29D8D804-4320-48EC-AE12-4BB0FFA918F2}
		{799A933F-1F0B-432D-B2B9-2189FDB47D80} = {29D8D804-4320-48EC-AE12-4BB0FFA918F2}
		{753CC6F9-996A-4DD7-BA6F-340D08C67395} = {29D8D804-4320-48EC-AE12-4BB0FFA918F2}
	EndGlobalSection
EndGlobal
