
Microsoft Visual Studio Solution File, Format Version 12.00
# Visual Studio 15
VisualStudioVersion = 15.0.26228.9
MinimumVisualStudioVersion = 10.0.40219.1
Project("{2150E333-8FDC-42A3-9474-1A3956D46DE8}") = "src", "src", "{29D8D804-4320-48EC-AE12-4BB0FFA918F2}"
EndProject
Project("{2150E333-8FDC-42A3-9474-1A3956D46DE8}") = "Solution Items", "Solution Items", "{A62396E5-E678-43A1-99A5-2B9D6BEB9406}"
EndProject
Project("{2150E333-8FDC-42A3-9474-1A3956D46DE8}") = "Infrastructure", "Infrastructure", "{31C8D392-2649-4D45-AA98-97F7B9DF7830}"
EndProject
Project("{2150E333-8FDC-42A3-9474-1A3956D46DE8}") = "Data.Queries", "Data.Queries", "{279FD6EA-68FD-4749-9E72-A2E2A5877FFA}"
EndProject
Project("{2150E333-8FDC-42A3-9474-1A3956D46DE8}") = "Data.Commands", "Data.Commands", "{EFA98212-24E3-4463-883F-E15BD61ACD1D}"
EndProject
Project("{2150E333-8FDC-42A3-9474-1A3956D46DE8}") = "Domain.Model", "Domain.Model", "{22B66C4F-486C-4E6B-9DF9-FF63CA5C1542}"
EndProject
Project("{2150E333-8FDC-42A3-9474-1A3956D46DE8}") = "Presentation", "Presentation", "{4FEE35C1-E15E-4ECE-955B-05844652EAF3}"
EndProject
Project("{9A19103F-16F7-4668-BE54-9A1E7A4F7556}") = "PoCNeo4jNetCore", "src\PoCNeo4jNetCore\PoCNeo4jNetCore.csproj", "{0C73E0C2-43F3-4945-B9BC-F3813F719B8C}"
EndProject
Project("{9A19103F-16F7-4668-BE54-9A1E7A4F7556}") = "Infrastructure", "Infrastructure\Infrastructure.csproj", "{7BA5141E-0EBF-47CC-BFBD-821F90A169CD}"
EndProject
Project("{9A19103F-16F7-4668-BE54-9A1E7A4F7556}") = "Domain.Model", "Domain.Model\Domain.Model.csproj", "{23858AFA-576A-4F67-BF5B-9421F1BB47F1}"
EndProject
Project("{9A19103F-16F7-4668-BE54-9A1E7A4F7556}") = "Data.Queries", "Data.Queries\Data.Queries.csproj", "{4EABA79E-9F0C-4A3C-AE72-828C256B8F0B}"
EndProject
Global
	GlobalSection(SolutionConfigurationPlatforms) = preSolution
		Debug|Any CPU = Debug|Any CPU
		Release|Any CPU = Release|Any CPU
	EndGlobalSection
	GlobalSection(ProjectConfigurationPlatforms) = postSolution
		{0C73E0C2-43F3-4945-B9BC-F3813F719B8C}.Debug|Any CPU.ActiveCfg = Debug|Any CPU
		{0C73E0C2-43F3-4945-B9BC-F3813F719B8C}.Debug|Any CPU.Build.0 = Debug|Any CPU
		{0C73E0C2-43F3-4945-B9BC-F3813F719B8C}.Release|Any CPU.ActiveCfg = Release|Any CPU
		{0C73E0C2-43F3-4945-B9BC-F3813F719B8C}.Release|Any CPU.Build.0 = Release|Any CPU
		{7BA5141E-0EBF-47CC-BFBD-821F90A169CD}.Debug|Any CPU.ActiveCfg = Debug|Any CPU
		{7BA5141E-0EBF-47CC-BFBD-821F90A169CD}.Debug|Any CPU.Build.0 = Debug|Any CPU
		{7BA5141E-0EBF-47CC-BFBD-821F90A169CD}.Release|Any CPU.ActiveCfg = Release|Any CPU
		{7BA5141E-0EBF-47CC-BFBD-821F90A169CD}.Release|Any CPU.Build.0 = Release|Any CPU
		{23858AFA-576A-4F67-BF5B-9421F1BB47F1}.Debug|Any CPU.ActiveCfg = Debug|Any CPU
		{23858AFA-576A-4F67-BF5B-9421F1BB47F1}.Debug|Any CPU.Build.0 = Debug|Any CPU
		{23858AFA-576A-4F67-BF5B-9421F1BB47F1}.Release|Any CPU.ActiveCfg = Release|Any CPU
		{23858AFA-576A-4F67-BF5B-9421F1BB47F1}.Release|Any CPU.Build.0 = Release|Any CPU
		{4EABA79E-9F0C-4A3C-AE72-828C256B8F0B}.Debug|Any CPU.ActiveCfg = Debug|Any CPU
		{4EABA79E-9F0C-4A3C-AE72-828C256B8F0B}.Debug|Any CPU.Build.0 = Debug|Any CPU
		{4EABA79E-9F0C-4A3C-AE72-828C256B8F0B}.Release|Any CPU.ActiveCfg = Release|Any CPU
		{4EABA79E-9F0C-4A3C-AE72-828C256B8F0B}.Release|Any CPU.Build.0 = Release|Any CPU
	EndGlobalSection
	GlobalSection(SolutionProperties) = preSolution
		HideSolutionNode = FALSE
	EndGlobalSection
	GlobalSection(NestedProjects) = preSolution
		{31C8D392-2649-4D45-AA98-97F7B9DF7830} = {29D8D804-4320-48EC-AE12-4BB0FFA918F2}
		{279FD6EA-68FD-4749-9E72-A2E2A5877FFA} = {29D8D804-4320-48EC-AE12-4BB0FFA918F2}
		{EFA98212-24E3-4463-883F-E15BD61ACD1D} = {29D8D804-4320-48EC-AE12-4BB0FFA918F2}
		{22B66C4F-486C-4E6B-9DF9-FF63CA5C1542} = {29D8D804-4320-48EC-AE12-4BB0FFA918F2}
		{4FEE35C1-E15E-4ECE-955B-05844652EAF3} = {29D8D804-4320-48EC-AE12-4BB0FFA918F2}
		{0C73E0C2-43F3-4945-B9BC-F3813F719B8C} = {4FEE35C1-E15E-4ECE-955B-05844652EAF3}
		{7BA5141E-0EBF-47CC-BFBD-821F90A169CD} = {31C8D392-2649-4D45-AA98-97F7B9DF7830}
		{23858AFA-576A-4F67-BF5B-9421F1BB47F1} = {22B66C4F-486C-4E6B-9DF9-FF63CA5C1542}
		{4EABA79E-9F0C-4A3C-AE72-828C256B8F0B} = {279FD6EA-68FD-4749-9E72-A2E2A5877FFA}
	EndGlobalSection
EndGlobal
